
Microsoft Visual Studio Solution File, Format Version 12.00
# Visual Studio Version 17
VisualStudioVersion = 17.6.33513.286
MinimumVisualStudioVersion = 10.0.40219.1
Project("{9A19103F-16F7-4668-BE54-9A1E7A4F7556}") = "OpenAi", "OpenAi\OpenAi.csproj", "{7C30E24A-37AD-4486-9684-A203F76D1AA4}"
EndProject
Project("{FAE04EC0-301F-11D3-BF4B-00C04F79EFBC}") = "Models", "Models\Models.csproj", "{9744B85A-6FBD-4555-800F-7A7D4D1BC2B0}"
EndProject
Project("{FAE04EC0-301F-11D3-BF4B-00C04F79EFBC}") = "Services", "Services\Services.csproj", "{9B528562-129F-42F9-A295-DA1BD31F3468}"
EndProject
Global
	GlobalSection(SolutionConfigurationPlatforms) = preSolution
		Debug|Any CPU = Debug|Any CPU
		Release|Any CPU = Release|Any CPU
	EndGlobalSection
	GlobalSection(ProjectConfigurationPlatforms) = postSolution
		{7C30E24A-37AD-4486-9684-A203F76D1AA4}.Debug|Any CPU.ActiveCfg = Debug|Any CPU
		{7C30E24A-37AD-4486-9684-A203F76D1AA4}.Debug|Any CPU.Build.0 = Debug|Any CPU
		{7C30E24A-37AD-4486-9684-A203F76D1AA4}.Release|Any CPU.ActiveCfg = Release|Any CPU
		{7C30E24A-37AD-4486-9684-A203F76D1AA4}.Release|Any CPU.Build.0 = Release|Any CPU
		{9744B85A-6FBD-4555-800F-7A7D4D1BC2B0}.Debug|Any CPU.ActiveCfg = Debug|Any CPU
		{9744B85A-6FBD-4555-800F-7A7D4D1BC2B0}.Debug|Any CPU.Build.0 = Debug|Any CPU
		{9744B85A-6FBD-4555-800F-7A7D4D1BC2B0}.Release|Any CPU.ActiveCfg = Release|Any CPU
		{9744B85A-6FBD-4555-800F-7A7D4D1BC2B0}.Release|Any CPU.Build.0 = Release|Any CPU
		{9B528562-129F-42F9-A295-DA1BD31F3468}.Debug|Any CPU.ActiveCfg = Debug|Any CPU
		{9B528562-129F-42F9-A295-DA1BD31F3468}.Debug|Any CPU.Build.0 = Debug|Any CPU
		{9B528562-129F-42F9-A295-DA1BD31F3468}.Release|Any CPU.ActiveCfg = Release|Any CPU
		{9B528562-129F-42F9-A295-DA1BD31F3468}.Release|Any CPU.Build.0 = Release|Any CPU
	EndGlobalSection
	GlobalSection(SolutionProperties) = preSolution
		HideSolutionNode = FALSE
	EndGlobalSection
	GlobalSection(ExtensibilityGlobals) = postSolution
		SolutionGuid = {C2B49DF4-F533-4B25-A6E0-018B12B96380}
	EndGlobalSection
EndGlobal
